// !$*UTF8*$!
{
	archiveVersion = 1;
	classes = {
	};
	objectVersion = 50;
	objects = {

/* Begin PBXBuildFile section */
		1918BCDE22BC52FA00F24092 /* MapViewModelTests.swift in Sources */ = {isa = PBXBuildFile; fileRef = 1918BCDD22BC52FA00F24092 /* MapViewModelTests.swift */; };
		D03C539B22B84C340018D761 /* MusicPlacesRouter.swift in Sources */ = {isa = PBXBuildFile; fileRef = D03C539822B84C340018D761 /* MusicPlacesRouter.swift */; };
		D03C539C22B84C340018D761 /* NetworkResult.swift in Sources */ = {isa = PBXBuildFile; fileRef = D03C539922B84C340018D761 /* NetworkResult.swift */; };
		D03C539D22B84C340018D761 /* APIReqest.swift in Sources */ = {isa = PBXBuildFile; fileRef = D03C539A22B84C340018D761 /* APIReqest.swift */; };
		D03C53A022B84C3A0018D761 /* URLSessionService.swift in Sources */ = {isa = PBXBuildFile; fileRef = D03C539E22B84C3A0018D761 /* URLSessionService.swift */; };
		D03C53A122B84C3A0018D761 /* MusicPlacesService.swift in Sources */ = {isa = PBXBuildFile; fileRef = D03C539F22B84C3A0018D761 /* MusicPlacesService.swift */; };
		D03C53A622B84E3D0018D761 /* Places.swift in Sources */ = {isa = PBXBuildFile; fileRef = D03C53A522B84E3D0018D761 /* Places.swift */; };
		D03C53A822B84E720018D761 /* Constants.swift in Sources */ = {isa = PBXBuildFile; fileRef = D03C53A722B84E720018D761 /* Constants.swift */; };
		D03C53AA22B9A92F0018D761 /* MusicPlace.swift in Sources */ = {isa = PBXBuildFile; fileRef = D03C53A922B9A92E0018D761 /* MusicPlace.swift */; };
		D03C53AD22B9A9430018D761 /* Main.storyboard in Resources */ = {isa = PBXBuildFile; fileRef = D03C53AB22B9A9430018D761 /* Main.storyboard */; };
		D0850AD320DB089400C0D222 /* AppDelegate.swift in Sources */ = {isa = PBXBuildFile; fileRef = D0850AD220DB089400C0D222 /* AppDelegate.swift */; };
		D0850AD520DB089400C0D222 /* MapViewController.swift in Sources */ = {isa = PBXBuildFile; fileRef = D0850AD420DB089400C0D222 /* MapViewController.swift */; };
		D0850ADA20DB089600C0D222 /* Assets.xcassets in Resources */ = {isa = PBXBuildFile; fileRef = D0850AD920DB089600C0D222 /* Assets.xcassets */; };
		D0850ADD20DB089600C0D222 /* LaunchScreen.storyboard in Resources */ = {isa = PBXBuildFile; fileRef = D0850ADB20DB089600C0D222 /* LaunchScreen.storyboard */; };
		D0850AF820DB17DB00C0D222 /* MapViewModel.swift in Sources */ = {isa = PBXBuildFile; fileRef = D0850AF620DB17DB00C0D222 /* MapViewModel.swift */; };
		D0850AF920DB17DB00C0D222 /* MapViewModelBase.swift in Sources */ = {isa = PBXBuildFile; fileRef = D0850AF720DB17DB00C0D222 /* MapViewModelBase.swift */; };
/* End PBXBuildFile section */

/* Begin PBXContainerItemProxy section */
		D0850AE420DB089600C0D222 /* PBXContainerItemProxy */ = {
			isa = PBXContainerItemProxy;
			containerPortal = D0850AC720DB089400C0D222 /* Project object */;
			proxyType = 1;
			remoteGlobalIDString = D0850ACE20DB089400C0D222;
			remoteInfo = MusicPlaces;
		};
/* End PBXContainerItemProxy section */

/* Begin PBXFileReference section */
		1918BCDD22BC52FA00F24092 /* MapViewModelTests.swift */ = {isa = PBXFileReference; fileEncoding = 4; lastKnownFileType = sourcecode.swift; path = MapViewModelTests.swift; sourceTree = "<group>"; };
		D03C539822B84C340018D761 /* MusicPlacesRouter.swift */ = {isa = PBXFileReference; fileEncoding = 4; lastKnownFileType = sourcecode.swift; path = MusicPlacesRouter.swift; sourceTree = "<group>"; };
		D03C539922B84C340018D761 /* NetworkResult.swift */ = {isa = PBXFileReference; fileEncoding = 4; lastKnownFileType = sourcecode.swift; path = NetworkResult.swift; sourceTree = "<group>"; };
		D03C539A22B84C340018D761 /* APIReqest.swift */ = {isa = PBXFileReference; fileEncoding = 4; lastKnownFileType = sourcecode.swift; path = APIReqest.swift; sourceTree = "<group>"; };
		D03C539E22B84C3A0018D761 /* URLSessionService.swift */ = {isa = PBXFileReference; fileEncoding = 4; lastKnownFileType = sourcecode.swift; path = URLSessionService.swift; sourceTree = "<group>"; };
		D03C539F22B84C3A0018D761 /* MusicPlacesService.swift */ = {isa = PBXFileReference; fileEncoding = 4; lastKnownFileType = sourcecode.swift; path = MusicPlacesService.swift; sourceTree = "<group>"; };
		D03C53A522B84E3D0018D761 /* Places.swift */ = {isa = PBXFileReference; fileEncoding = 4; lastKnownFileType = sourcecode.swift; path = Places.swift; sourceTree = "<group>"; };
		D03C53A722B84E720018D761 /* Constants.swift */ = {isa = PBXFileReference; lastKnownFileType = sourcecode.swift; path = Constants.swift; sourceTree = "<group>"; };
		D03C53A922B9A92E0018D761 /* MusicPlace.swift */ = {isa = PBXFileReference; fileEncoding = 4; lastKnownFileType = sourcecode.swift; path = MusicPlace.swift; sourceTree = "<group>"; };
		D03C53AC22B9A9430018D761 /* Base */ = {isa = PBXFileReference; lastKnownFileType = file.storyboard; name = Base; path = Base.lproj/Main.storyboard; sourceTree = "<group>"; };
		D0850ACF20DB089400C0D222 /* MusicPlaceSearcher.app */ = {isa = PBXFileReference; explicitFileType = wrapper.application; includeInIndex = 0; path = MusicPlaceSearcher.app; sourceTree = BUILT_PRODUCTS_DIR; };
		D0850AD220DB089400C0D222 /* AppDelegate.swift */ = {isa = PBXFileReference; lastKnownFileType = sourcecode.swift; path = AppDelegate.swift; sourceTree = "<group>"; };
		D0850AD420DB089400C0D222 /* MapViewController.swift */ = {isa = PBXFileReference; lastKnownFileType = sourcecode.swift; path = MapViewController.swift; sourceTree = "<group>"; };
		D0850AD920DB089600C0D222 /* Assets.xcassets */ = {isa = PBXFileReference; lastKnownFileType = folder.assetcatalog; path = Assets.xcassets; sourceTree = "<group>"; };
		D0850ADC20DB089600C0D222 /* Base */ = {isa = PBXFileReference; lastKnownFileType = file.storyboard; name = Base; path = Base.lproj/LaunchScreen.storyboard; sourceTree = "<group>"; };
		D0850ADE20DB089600C0D222 /* Info.plist */ = {isa = PBXFileReference; lastKnownFileType = text.plist.xml; path = Info.plist; sourceTree = "<group>"; };
		D0850AE320DB089600C0D222 /* MusicPlaceSearcherTests.xctest */ = {isa = PBXFileReference; explicitFileType = wrapper.cfbundle; includeInIndex = 0; path = MusicPlaceSearcherTests.xctest; sourceTree = BUILT_PRODUCTS_DIR; };
		D0850AE920DB089600C0D222 /* Info.plist */ = {isa = PBXFileReference; lastKnownFileType = text.plist.xml; path = Info.plist; sourceTree = "<group>"; };
		D0850AF620DB17DB00C0D222 /* MapViewModel.swift */ = {isa = PBXFileReference; fileEncoding = 4; lastKnownFileType = sourcecode.swift; path = MapViewModel.swift; sourceTree = "<group>"; };
		D0850AF720DB17DB00C0D222 /* MapViewModelBase.swift */ = {isa = PBXFileReference; fileEncoding = 4; lastKnownFileType = sourcecode.swift; path = MapViewModelBase.swift; sourceTree = "<group>"; };
/* End PBXFileReference section */

/* Begin PBXFrameworksBuildPhase section */
		D0850ACC20DB089400C0D222 /* Frameworks */ = {
			isa = PBXFrameworksBuildPhase;
			buildActionMask = 2147483647;
			files = (
			);
			runOnlyForDeploymentPostprocessing = 0;
		};
		D0850AE020DB089600C0D222 /* Frameworks */ = {
			isa = PBXFrameworksBuildPhase;
			buildActionMask = 2147483647;
			files = (
			);
			runOnlyForDeploymentPostprocessing = 0;
		};
/* End PBXFrameworksBuildPhase section */

/* Begin PBXGroup section */
		D03C538B22B701140018D761 /* Networking */ = {
			isa = PBXGroup;
			children = (
				D03C539722B84C160018D761 /* Services */,
				D03C539622B84C0C0018D761 /* APIRequest */,
			);
			path = Networking;
			sourceTree = "<group>";
		};
		D03C539622B84C0C0018D761 /* APIRequest */ = {
			isa = PBXGroup;
			children = (
				D03C539A22B84C340018D761 /* APIReqest.swift */,
				D03C539822B84C340018D761 /* MusicPlacesRouter.swift */,
				D03C539922B84C340018D761 /* NetworkResult.swift */,
			);
			path = APIRequest;
			sourceTree = "<group>";
		};
		D03C539722B84C160018D761 /* Services */ = {
			isa = PBXGroup;
			children = (
				D03C539F22B84C3A0018D761 /* MusicPlacesService.swift */,
				D03C539E22B84C3A0018D761 /* URLSessionService.swift */,
			);
			path = Services;
			sourceTree = "<group>";
		};
		D03C53A422B84E2E0018D761 /* Model */ = {
			isa = PBXGroup;
			children = (
				D03C53A922B9A92E0018D761 /* MusicPlace.swift */,
				D03C53A522B84E3D0018D761 /* Places.swift */,
			);
			path = Model;
			sourceTree = "<group>";
		};
		D0850AC620DB089400C0D222 = {
			isa = PBXGroup;
			children = (
				D0850AD120DB089400C0D222 /* MusicPlaceSearcher */,
				D0850AE620DB089600C0D222 /* MusicPlaceSearcherTests */,
				D0850AD020DB089400C0D222 /* Products */,
			);
			sourceTree = "<group>";
		};
		D0850AD020DB089400C0D222 /* Products */ = {
			isa = PBXGroup;
			children = (
				D0850ACF20DB089400C0D222 /* MusicPlaceSearcher.app */,
				D0850AE320DB089600C0D222 /* MusicPlaceSearcherTests.xctest */,
			);
			name = Products;
			sourceTree = "<group>";
		};
		D0850AD120DB089400C0D222 /* MusicPlaceSearcher */ = {
			isa = PBXGroup;
			children = (
				D0850AD220DB089400C0D222 /* AppDelegate.swift */,
				D0850AD920DB089600C0D222 /* Assets.xcassets */,
				D03C53A722B84E720018D761 /* Constants.swift */,
				D0850ADE20DB089600C0D222 /* Info.plist */,
				D0850ADB20DB089600C0D222 /* LaunchScreen.storyboard */,
				D0850AF220DB14FD00C0D222 /* MapScreen */,
				D03C538B22B701140018D761 /* Networking */,
			);
			path = MusicPlaceSearcher;
			sourceTree = "<group>";
		};
		D0850AE620DB089600C0D222 /* MusicPlaceSearcherTests */ = {
			isa = PBXGroup;
			children = (
				1918BCDD22BC52FA00F24092 /* MapViewModelTests.swift */,
				D0850AE920DB089600C0D222 /* Info.plist */,
			);
			path = MusicPlaceSearcherTests;
			sourceTree = "<group>";
		};
		D0850AF220DB14FD00C0D222 /* MapScreen */ = {
			isa = PBXGroup;
			children = (
				D03C53AB22B9A9430018D761 /* Main.storyboard */,
				D03C53A422B84E2E0018D761 /* Model */,
				D0850AF420DB151900C0D222 /* ViewController */,
				D0850AF320DB151300C0D222 /* ViewModel */,
			);
			path = MapScreen;
			sourceTree = "<group>";
		};
		D0850AF320DB151300C0D222 /* ViewModel */ = {
			isa = PBXGroup;
			children = (
				D0850AF620DB17DB00C0D222 /* MapViewModel.swift */,
				D0850AF720DB17DB00C0D222 /* MapViewModelBase.swift */,
			);
			path = ViewModel;
			sourceTree = "<group>";
		};
		D0850AF420DB151900C0D222 /* ViewController */ = {
			isa = PBXGroup;
			children = (
				D0850AD420DB089400C0D222 /* MapViewController.swift */,
			);
			path = ViewController;
			sourceTree = "<group>";
		};
/* End PBXGroup section */

/* Begin PBXNativeTarget section */
		D0850ACE20DB089400C0D222 /* MusicPlaceSearcher */ = {
			isa = PBXNativeTarget;
			buildConfigurationList = D0850AEC20DB089600C0D222 /* Build configuration list for PBXNativeTarget "MusicPlaceSearcher" */;
			buildPhases = (
				D0850ACB20DB089400C0D222 /* Sources */,
				D0850ACC20DB089400C0D222 /* Frameworks */,
				D0850ACD20DB089400C0D222 /* Resources */,
			);
			buildRules = (
			);
			dependencies = (
			);
			name = MusicPlaceSearcher;
			productName = MusicPlaces;
			productReference = D0850ACF20DB089400C0D222 /* MusicPlaceSearcher.app */;
			productType = "com.apple.product-type.application";
		};
		D0850AE220DB089600C0D222 /* MusicPlaceSearcherTests */ = {
			isa = PBXNativeTarget;
			buildConfigurationList = D0850AEF20DB089600C0D222 /* Build configuration list for PBXNativeTarget "MusicPlaceSearcherTests" */;
			buildPhases = (
				D0850ADF20DB089600C0D222 /* Sources */,
				D0850AE020DB089600C0D222 /* Frameworks */,
				D0850AE120DB089600C0D222 /* Resources */,
			);
			buildRules = (
			);
			dependencies = (
				D0850AE520DB089600C0D222 /* PBXTargetDependency */,
			);
			name = MusicPlaceSearcherTests;
			productName = MusicPlacesTests;
			productReference = D0850AE320DB089600C0D222 /* MusicPlaceSearcherTests.xctest */;
			productType = "com.apple.product-type.bundle.unit-test";
		};
/* End PBXNativeTarget section */

/* Begin PBXProject section */
		D0850AC720DB089400C0D222 /* Project object */ = {
			isa = PBXProject;
			attributes = {
				LastSwiftUpdateCheck = 0940;
				LastUpgradeCheck = 0940;
				ORGANIZATIONNAME = "Mikołaj Płachta";
				TargetAttributes = {
					D0850ACE20DB089400C0D222 = {
						CreatedOnToolsVersion = 9.4.1;
					};
					D0850AE220DB089600C0D222 = {
						CreatedOnToolsVersion = 9.4.1;
						LastSwiftMigration = 1020;
						TestTargetID = D0850ACE20DB089400C0D222;
					};
				};
			};
			buildConfigurationList = D0850ACA20DB089400C0D222 /* Build configuration list for PBXProject "MusicPlaceSearcher" */;
			compatibilityVersion = "Xcode 9.3";
			developmentRegion = en;
			hasScannedForEncodings = 0;
			knownRegions = (
				en,
				Base,
			);
			mainGroup = D0850AC620DB089400C0D222;
			productRefGroup = D0850AD020DB089400C0D222 /* Products */;
			projectDirPath = "";
			projectRoot = "";
			targets = (
				D0850ACE20DB089400C0D222 /* MusicPlaceSearcher */,
				D0850AE220DB089600C0D222 /* MusicPlaceSearcherTests */,
			);
		};
/* End PBXProject section */

/* Begin PBXResourcesBuildPhase section */
		D0850ACD20DB089400C0D222 /* Resources */ = {
			isa = PBXResourcesBuildPhase;
			buildActionMask = 2147483647;
			files = (
				D03C53AD22B9A9430018D761 /* Main.storyboard in Resources */,
				D0850ADD20DB089600C0D222 /* LaunchScreen.storyboard in Resources */,
				D0850ADA20DB089600C0D222 /* Assets.xcassets in Resources */,
			);
			runOnlyForDeploymentPostprocessing = 0;
		};
		D0850AE120DB089600C0D222 /* Resources */ = {
			isa = PBXResourcesBuildPhase;
			buildActionMask = 2147483647;
			files = (
			);
			runOnlyForDeploymentPostprocessing = 0;
		};
/* End PBXResourcesBuildPhase section */

/* Begin PBXSourcesBuildPhase section */
		D0850ACB20DB089400C0D222 /* Sources */ = {
			isa = PBXSourcesBuildPhase;
			buildActionMask = 2147483647;
			files = (
				D03C539C22B84C340018D761 /* NetworkResult.swift in Sources */,
				D03C53A822B84E720018D761 /* Constants.swift in Sources */,
				D03C539B22B84C340018D761 /* MusicPlacesRouter.swift in Sources */,
				D0850AD520DB089400C0D222 /* MapViewController.swift in Sources */,
				D0850AD320DB089400C0D222 /* AppDelegate.swift in Sources */,
				D0850AF920DB17DB00C0D222 /* MapViewModelBase.swift in Sources */,
				D03C53A622B84E3D0018D761 /* Places.swift in Sources */,
				D03C539D22B84C340018D761 /* APIReqest.swift in Sources */,
				D0850AF820DB17DB00C0D222 /* MapViewModel.swift in Sources */,
				D03C53AA22B9A92F0018D761 /* MusicPlace.swift in Sources */,
				D03C53A022B84C3A0018D761 /* URLSessionService.swift in Sources */,
				D03C53A122B84C3A0018D761 /* MusicPlacesService.swift in Sources */,
			);
			runOnlyForDeploymentPostprocessing = 0;
		};
		D0850ADF20DB089600C0D222 /* Sources */ = {
			isa = PBXSourcesBuildPhase;
			buildActionMask = 2147483647;
			files = (
				1918BCDE22BC52FA00F24092 /* MapViewModelTests.swift in Sources */,
			);
			runOnlyForDeploymentPostprocessing = 0;
		};
/* End PBXSourcesBuildPhase section */

/* Begin PBXTargetDependency section */
		D0850AE520DB089600C0D222 /* PBXTargetDependency */ = {
			isa = PBXTargetDependency;
			target = D0850ACE20DB089400C0D222 /* MusicPlaceSearcher */;
			targetProxy = D0850AE420DB089600C0D222 /* PBXContainerItemProxy */;
		};
/* End PBXTargetDependency section */

/* Begin PBXVariantGroup section */
		D03C53AB22B9A9430018D761 /* Main.storyboard */ = {
			isa = PBXVariantGroup;
			children = (
				D03C53AC22B9A9430018D761 /* Base */,
			);
			name = Main.storyboard;
			sourceTree = "<group>";
		};
		D0850ADB20DB089600C0D222 /* LaunchScreen.storyboard */ = {
			isa = PBXVariantGroup;
			children = (
				D0850ADC20DB089600C0D222 /* Base */,
			);
			name = LaunchScreen.storyboard;
			sourceTree = "<group>";
		};
/* End PBXVariantGroup section */

/* Begin XCBuildConfiguration section */
		D0850AEA20DB089600C0D222 /* Debug */ = {
			isa = XCBuildConfiguration;
			buildSettings = {
				ALWAYS_SEARCH_USER_PATHS = NO;
				CLANG_ANALYZER_NONNULL = YES;
				CLANG_ANALYZER_NUMBER_OBJECT_CONVERSION = YES_AGGRESSIVE;
				CLANG_CXX_LANGUAGE_STANDARD = "gnu++14";
				CLANG_CXX_LIBRARY = "libc++";
				CLANG_ENABLE_MODULES = YES;
				CLANG_ENABLE_OBJC_ARC = YES;
				CLANG_ENABLE_OBJC_WEAK = YES;
				CLANG_WARN_BLOCK_CAPTURE_AUTORELEASING = YES;
				CLANG_WARN_BOOL_CONVERSION = YES;
				CLANG_WARN_COMMA = YES;
				CLANG_WARN_CONSTANT_CONVERSION = YES;
				CLANG_WARN_DEPRECATED_OBJC_IMPLEMENTATIONS = YES;
				CLANG_WARN_DIRECT_OBJC_ISA_USAGE = YES_ERROR;
				CLANG_WARN_DOCUMENTATION_COMMENTS = YES;
				CLANG_WARN_EMPTY_BODY = YES;
				CLANG_WARN_ENUM_CONVERSION = YES;
				CLANG_WARN_INFINITE_RECURSION = YES;
				CLANG_WARN_INT_CONVERSION = YES;
				CLANG_WARN_NON_LITERAL_NULL_CONVERSION = YES;
				CLANG_WARN_OBJC_IMPLICIT_RETAIN_SELF = YES;
				CLANG_WARN_OBJC_LITERAL_CONVERSION = YES;
				CLANG_WARN_OBJC_ROOT_CLASS = YES_ERROR;
				CLANG_WARN_RANGE_LOOP_ANALYSIS = YES;
				CLANG_WARN_STRICT_PROTOTYPES = YES;
				CLANG_WARN_SUSPICIOUS_MOVE = YES;
				CLANG_WARN_UNGUARDED_AVAILABILITY = YES_AGGRESSIVE;
				CLANG_WARN_UNREACHABLE_CODE = YES;
				CLANG_WARN__DUPLICATE_METHOD_MATCH = YES;
				CODE_SIGN_IDENTITY = "iPhone Developer";
				COPY_PHASE_STRIP = NO;
				DEBUG_INFORMATION_FORMAT = dwarf;
				ENABLE_STRICT_OBJC_MSGSEND = YES;
				ENABLE_TESTABILITY = YES;
				GCC_C_LANGUAGE_STANDARD = gnu11;
				GCC_DYNAMIC_NO_PIC = NO;
				GCC_NO_COMMON_BLOCKS = YES;
				GCC_OPTIMIZATION_LEVEL = 0;
				GCC_PREPROCESSOR_DEFINITIONS = (
					"DEBUG=1",
					"$(inherited)",
				);
				GCC_WARN_64_TO_32_BIT_CONVERSION = YES;
				GCC_WARN_ABOUT_RETURN_TYPE = YES_ERROR;
				GCC_WARN_UNDECLARED_SELECTOR = YES;
				GCC_WARN_UNINITIALIZED_AUTOS = YES_AGGRESSIVE;
				GCC_WARN_UNUSED_FUNCTION = YES;
				GCC_WARN_UNUSED_VARIABLE = YES;
				IPHONEOS_DEPLOYMENT_TARGET = 11.4;
				MTL_ENABLE_DEBUG_INFO = YES;
				ONLY_ACTIVE_ARCH = YES;
				SDKROOT = iphoneos;
				SWIFT_ACTIVE_COMPILATION_CONDITIONS = DEBUG;
				SWIFT_OPTIMIZATION_LEVEL = "-Onone";
			};
			name = Debug;
		};
		D0850AEB20DB089600C0D222 /* Release */ = {
			isa = XCBuildConfiguration;
			buildSettings = {
				ALWAYS_SEARCH_USER_PATHS = NO;
				CLANG_ANALYZER_NONNULL = YES;
				CLANG_ANALYZER_NUMBER_OBJECT_CONVERSION = YES_AGGRESSIVE;
				CLANG_CXX_LANGUAGE_STANDARD = "gnu++14";
				CLANG_CXX_LIBRARY = "libc++";
				CLANG_ENABLE_MODULES = YES;
				CLANG_ENABLE_OBJC_ARC = YES;
				CLANG_ENABLE_OBJC_WEAK = YES;
				CLANG_WARN_BLOCK_CAPTURE_AUTORELEASING = YES;
				CLANG_WARN_BOOL_CONVERSION = YES;
				CLANG_WARN_COMMA = YES;
				CLANG_WARN_CONSTANT_CONVERSION = YES;
				CLANG_WARN_DEPRECATED_OBJC_IMPLEMENTATIONS = YES;
				CLANG_WARN_DIRECT_OBJC_ISA_USAGE = YES_ERROR;
				CLANG_WARN_DOCUMENTATION_COMMENTS = YES;
				CLANG_WARN_EMPTY_BODY = YES;
				CLANG_WARN_ENUM_CONVERSION = YES;
				CLANG_WARN_INFINITE_RECURSION = YES;
				CLANG_WARN_INT_CONVERSION = YES;
				CLANG_WARN_NON_LITERAL_NULL_CONVERSION = YES;
				CLANG_WARN_OBJC_IMPLICIT_RETAIN_SELF = YES;
				CLANG_WARN_OBJC_LITERAL_CONVERSION = YES;
				CLANG_WARN_OBJC_ROOT_CLASS = YES_ERROR;
				CLANG_WARN_RANGE_LOOP_ANALYSIS = YES;
				CLANG_WARN_STRICT_PROTOTYPES = YES;
				CLANG_WARN_SUSPICIOUS_MOVE = YES;
				CLANG_WARN_UNGUARDED_AVAILABILITY = YES_AGGRESSIVE;
				CLANG_WARN_UNREACHABLE_CODE = YES;
				CLANG_WARN__DUPLICATE_METHOD_MATCH = YES;
				CODE_SIGN_IDENTITY = "iPhone Developer";
				COPY_PHASE_STRIP = NO;
				DEBUG_INFORMATION_FORMAT = "dwarf-with-dsym";
				ENABLE_NS_ASSERTIONS = NO;
				ENABLE_STRICT_OBJC_MSGSEND = YES;
				GCC_C_LANGUAGE_STANDARD = gnu11;
				GCC_NO_COMMON_BLOCKS = YES;
				GCC_WARN_64_TO_32_BIT_CONVERSION = YES;
				GCC_WARN_ABOUT_RETURN_TYPE = YES_ERROR;
				GCC_WARN_UNDECLARED_SELECTOR = YES;
				GCC_WARN_UNINITIALIZED_AUTOS = YES_AGGRESSIVE;
				GCC_WARN_UNUSED_FUNCTION = YES;
				GCC_WARN_UNUSED_VARIABLE = YES;
				IPHONEOS_DEPLOYMENT_TARGET = 11.4;
				MTL_ENABLE_DEBUG_INFO = NO;
				SDKROOT = iphoneos;
				SWIFT_COMPILATION_MODE = wholemodule;
				SWIFT_OPTIMIZATION_LEVEL = "-O";
				VALIDATE_PRODUCT = YES;
			};
			name = Release;
		};
		D0850AED20DB089600C0D222 /* Debug */ = {
			isa = XCBuildConfiguration;
			buildSettings = {
				ASSETCATALOG_COMPILER_APPICON_NAME = AppIcon;
				CODE_SIGN_STYLE = Automatic;
				DEVELOPMENT_TEAM = 6539W4BMT7;
				INFOPLIST_FILE = MusicPlaceSearcher/Info.plist;
				LD_RUNPATH_SEARCH_PATHS = (
					"$(inherited)",
					"@executable_path/Frameworks",
				);
				PRODUCT_BUNDLE_IDENTIFIER = mxndev.MusicPlaces;
				PRODUCT_NAME = "$(TARGET_NAME)";
				SWIFT_VERSION = 5.0;
				TARGETED_DEVICE_FAMILY = "1,2";
			};
			name = Debug;
		};
		D0850AEE20DB089600C0D222 /* Release */ = {
			isa = XCBuildConfiguration;
			buildSettings = {
				ASSETCATALOG_COMPILER_APPICON_NAME = AppIcon;
				CODE_SIGN_STYLE = Automatic;
				DEVELOPMENT_TEAM = 6539W4BMT7;
				INFOPLIST_FILE = MusicPlaceSearcher/Info.plist;
				LD_RUNPATH_SEARCH_PATHS = (
					"$(inherited)",
					"@executable_path/Frameworks",
				);
				PRODUCT_BUNDLE_IDENTIFIER = mxndev.MusicPlaces;
				PRODUCT_NAME = "$(TARGET_NAME)";
				SWIFT_VERSION = 5.0;
				TARGETED_DEVICE_FAMILY = "1,2";
			};
			name = Release;
		};
		D0850AF020DB089600C0D222 /* Debug */ = {
			isa = XCBuildConfiguration;
			buildSettings = {
				ALWAYS_EMBED_SWIFT_STANDARD_LIBRARIES = YES;
				BUNDLE_LOADER = "$(TEST_HOST)";
				CLANG_ENABLE_MODULES = YES;
				CODE_SIGN_STYLE = Automatic;
				DEVELOPMENT_TEAM = 6539W4BMT7;
				INFOPLIST_FILE = MusicPlaceSearcherTests/Info.plist;
				LD_RUNPATH_SEARCH_PATHS = (
					"$(inherited)",
					"@executable_path/Frameworks",
					"@loader_path/Frameworks",
				);
				PRODUCT_BUNDLE_IDENTIFIER = mxndev.MusicPlacesTests;
				PRODUCT_NAME = "$(TARGET_NAME)";
				SWIFT_OPTIMIZATION_LEVEL = "-Onone";
				SWIFT_VERSION = 5.0;
				TARGETED_DEVICE_FAMILY = "1,2";
				TEST_HOST = "$(BUILT_PRODUCTS_DIR)/MusicPlaceSearcher.app/MusicPlaceSearcher";
			};
			name = Debug;
		};
		D0850AF120DB089600C0D222 /* Release */ = {
			isa = XCBuildConfiguration;
			buildSettings = {
				ALWAYS_EMBED_SWIFT_STANDARD_LIBRARIES = YES;
				BUNDLE_LOADER = "$(TEST_HOST)";
				CLANG_ENABLE_MODULES = YES;
				CODE_SIGN_STYLE = Automatic;
				DEVELOPMENT_TEAM = 6539W4BMT7;
				INFOPLIST_FILE = MusicPlaceSearcherTests/Info.plist;
				LD_RUNPATH_SEARCH_PATHS = (
					"$(inherited)",
					"@executable_path/Frameworks",
					"@loader_path/Frameworks",
				);
				PRODUCT_BUNDLE_IDENTIFIER = mxndev.MusicPlacesTests;
				PRODUCT_NAME = "$(TARGET_NAME)";
				SWIFT_VERSION = 5.0;
				TARGETED_DEVICE_FAMILY = "1,2";
				TEST_HOST = "$(BUILT_PRODUCTS_DIR)/MusicPlaceSearcher.app/MusicPlaceSearcher";
			};
			name = Release;
		};
/* End XCBuildConfiguration section */

/* Begin XCConfigurationList section */
		D0850ACA20DB089400C0D222 /* Build configuration list for PBXProject "MusicPlaceSearcher" */ = {
			isa = XCConfigurationList;
			buildConfigurations = (
				D0850AEA20DB089600C0D222 /* Debug */,
				D0850AEB20DB089600C0D222 /* Release */,
			);
			defaultConfigurationIsVisible = 0;
			defaultConfigurationName = Release;
		};
		D0850AEC20DB089600C0D222 /* Build configuration list for PBXNativeTarget "MusicPlaceSearcher" */ = {
			isa = XCConfigurationList;
			buildConfigurations = (
				D0850AED20DB089600C0D222 /* Debug */,
				D0850AEE20DB089600C0D222 /* Release */,
			);
			defaultConfigurationIsVisible = 0;
			defaultConfigurationName = Release;
		};
		D0850AEF20DB089600C0D222 /* Build configuration list for PBXNativeTarget "MusicPlaceSearcherTests" */ = {
			isa = XCConfigurationList;
			buildConfigurations = (
				D0850AF020DB089600C0D222 /* Debug */,
				D0850AF120DB089600C0D222 /* Release */,
			);
			defaultConfigurationIsVisible = 0;
			defaultConfigurationName = Release;
		};
/* End XCConfigurationList section */
	};
	rootObject = D0850AC720DB089400C0D222 /* Project object */;
}
